// !$*UTF8*$!
{
	archiveVersion = 1;
	classes = {
	};
	objectVersion = 50;
	objects = {

/* Begin PBXBuildFile section */
		AF0729E423F7EE46007E49BD /* QuestionTestViewController.swift in Sources */ = {isa = PBXBuildFile; fileRef = AF0729E323F7EE46007E49BD /* QuestionTestViewController.swift */; };
		AF0729E723F7EFD2007E49BD /* AnswerTableViewCell.swift in Sources */ = {isa = PBXBuildFile; fileRef = AF0729E523F7EFD2007E49BD /* AnswerTableViewCell.swift */; };
		AF0729E823F7EFD2007E49BD /* AnswerTableViewCell.xib in Resources */ = {isa = PBXBuildFile; fileRef = AF0729E623F7EFD2007E49BD /* AnswerTableViewCell.xib */; };
		AF0729EA23F7FABB007E49BD /* ArmWeaknessViewController.swift in Sources */ = {isa = PBXBuildFile; fileRef = AF0729E923F7FABB007E49BD /* ArmWeaknessViewController.swift */; };
		AF74C67E23E88291001A5D61 /* AppDelegate.swift in Sources */ = {isa = PBXBuildFile; fileRef = AF74C67D23E88291001A5D61 /* AppDelegate.swift */; };
		AF74C68023E88291001A5D61 /* ViewController.swift in Sources */ = {isa = PBXBuildFile; fileRef = AF74C67F23E88291001A5D61 /* ViewController.swift */; };
		AF74C68423E88292001A5D61 /* Assets.xcassets in Resources */ = {isa = PBXBuildFile; fileRef = AF74C68323E88292001A5D61 /* Assets.xcassets */; };
		AF74C68A23E88292001A5D61 /* Main.storyboard in Resources */ = {isa = PBXBuildFile; fileRef = AF74C68823E88292001A5D61 /* Main.storyboard */; };
		AFD6799723F42DDC006989DF /* TextViewController.swift in Sources */ = {isa = PBXBuildFile; fileRef = AFD6799623F42DDC006989DF /* TextViewController.swift */; };
		AFDBE48623F73D7300344F3D /* ResultViewController.swift in Sources */ = {isa = PBXBuildFile; fileRef = AFDBE48523F73D7300344F3D /* ResultViewController.swift */; };
		AFDBE48823F7653A00344F3D /* MapViewController.swift in Sources */ = {isa = PBXBuildFile; fileRef = AFDBE48723F7653A00344F3D /* MapViewController.swift */; };
		AFE99F9923EEE9CF004912BE /* SceneDelegate.swift in Sources */ = {isa = PBXBuildFile; fileRef = AFE99F9823EEE9CF004912BE /* SceneDelegate.swift */; };
		AFE99F9B23EEEBC1004912BE /* LaunchScreen.storyboard in Resources */ = {isa = PBXBuildFile; fileRef = AFE99F9A23EEEBC1004912BE /* LaunchScreen.storyboard */; };
		AFE99F9D23EF1A35004912BE /* PhotoViewController.swift in Sources */ = {isa = PBXBuildFile; fileRef = AFE99F9C23EF1A35004912BE /* PhotoViewController.swift */; };
		AFE99F9F23EF4EC1004912BE /* RecordViewController.swift in Sources */ = {isa = PBXBuildFile; fileRef = AFE99F9E23EF4EC1004912BE /* RecordViewController.swift */; };
		AFF13DBC23F3278D00C52071 /* PacientData.swift in Sources */ = {isa = PBXBuildFile; fileRef = AFF13DBB23F3278D00C52071 /* PacientData.swift */; };
/* End PBXBuildFile section */

/* Begin PBXFileReference section */
		AF0729E323F7EE46007E49BD /* QuestionTestViewController.swift */ = {isa = PBXFileReference; lastKnownFileType = sourcecode.swift; path = QuestionTestViewController.swift; sourceTree = "<group>"; };
		AF0729E523F7EFD2007E49BD /* AnswerTableViewCell.swift */ = {isa = PBXFileReference; lastKnownFileType = sourcecode.swift; path = AnswerTableViewCell.swift; sourceTree = "<group>"; };
		AF0729E623F7EFD2007E49BD /* AnswerTableViewCell.xib */ = {isa = PBXFileReference; lastKnownFileType = file.xib; path = AnswerTableViewCell.xib; sourceTree = "<group>"; };
		AF0729E923F7FABB007E49BD /* ArmWeaknessViewController.swift */ = {isa = PBXFileReference; lastKnownFileType = sourcecode.swift; path = ArmWeaknessViewController.swift; sourceTree = "<group>"; };
		AF74C67A23E88291001A5D61 /* Planetarium.app */ = {isa = PBXFileReference; explicitFileType = wrapper.application; includeInIndex = 0; path = Planetarium.app; sourceTree = BUILT_PRODUCTS_DIR; };
		AF74C67D23E88291001A5D61 /* AppDelegate.swift */ = {isa = PBXFileReference; lastKnownFileType = sourcecode.swift; path = AppDelegate.swift; sourceTree = "<group>"; };
		AF74C67F23E88291001A5D61 /* ViewController.swift */ = {isa = PBXFileReference; lastKnownFileType = sourcecode.swift; path = ViewController.swift; sourceTree = "<group>"; };
		AF74C68323E88292001A5D61 /* Assets.xcassets */ = {isa = PBXFileReference; lastKnownFileType = folder.assetcatalog; path = Assets.xcassets; sourceTree = "<group>"; };
		AF74C68923E88292001A5D61 /* Base */ = {isa = PBXFileReference; lastKnownFileType = file.storyboard; name = Base; path = Base.lproj/Main.storyboard; sourceTree = "<group>"; };
		AF74C68B23E88292001A5D61 /* Info.plist */ = {isa = PBXFileReference; lastKnownFileType = text.plist.xml; path = Info.plist; sourceTree = "<group>"; };
		AFD6799623F42DDC006989DF /* TextViewController.swift */ = {isa = PBXFileReference; lastKnownFileType = sourcecode.swift; path = TextViewController.swift; sourceTree = "<group>"; };
		AFDBE48523F73D7300344F3D /* ResultViewController.swift */ = {isa = PBXFileReference; lastKnownFileType = sourcecode.swift; path = ResultViewController.swift; sourceTree = "<group>"; };
		AFDBE48723F7653A00344F3D /* MapViewController.swift */ = {isa = PBXFileReference; lastKnownFileType = sourcecode.swift; path = MapViewController.swift; sourceTree = "<group>"; };
		AFE99F9823EEE9CF004912BE /* SceneDelegate.swift */ = {isa = PBXFileReference; lastKnownFileType = sourcecode.swift; path = SceneDelegate.swift; sourceTree = "<group>"; };
		AFE99F9A23EEEBC1004912BE /* LaunchScreen.storyboard */ = {isa = PBXFileReference; fileEncoding = 4; lastKnownFileType = file.storyboard; path = LaunchScreen.storyboard; sourceTree = "<group>"; };
		AFE99F9C23EF1A35004912BE /* PhotoViewController.swift */ = {isa = PBXFileReference; lastKnownFileType = sourcecode.swift; path = PhotoViewController.swift; sourceTree = "<group>"; };
		AFE99F9E23EF4EC1004912BE /* RecordViewController.swift */ = {isa = PBXFileReference; lastKnownFileType = sourcecode.swift; path = RecordViewController.swift; sourceTree = "<group>"; };
		AFF13DBB23F3278D00C52071 /* PacientData.swift */ = {isa = PBXFileReference; lastKnownFileType = sourcecode.swift; path = PacientData.swift; sourceTree = "<group>"; };
/* End PBXFileReference section */

/* Begin PBXFrameworksBuildPhase section */
		AF74C67723E88291001A5D61 /* Frameworks */ = {
			isa = PBXFrameworksBuildPhase;
			buildActionMask = 2147483647;
			files = (
			);
			runOnlyForDeploymentPostprocessing = 0;
		};
/* End PBXFrameworksBuildPhase section */

/* Begin PBXGroup section */
		AF74C67123E88291001A5D61 = {
			isa = PBXGroup;
			children = (
				AF74C67C23E88291001A5D61 /* Planetarium */,
				AF74C67B23E88291001A5D61 /* Products */,
			);
			sourceTree = "<group>";
		};
		AF74C67B23E88291001A5D61 /* Products */ = {
			isa = PBXGroup;
			children = (
				AF74C67A23E88291001A5D61 /* Planetarium.app */,
			);
			name = Products;
			sourceTree = "<group>";
		};
		AF74C67C23E88291001A5D61 /* Planetarium */ = {
			isa = PBXGroup;
			children = (
				AF74C67D23E88291001A5D61 /* AppDelegate.swift */,
				AFE99F9823EEE9CF004912BE /* SceneDelegate.swift */,
				AF74C67F23E88291001A5D61 /* ViewController.swift */,
				AFDBE48723F7653A00344F3D /* MapViewController.swift */,
				AFE99F9C23EF1A35004912BE /* PhotoViewController.swift */,
				AFE99F9E23EF4EC1004912BE /* RecordViewController.swift */,
				AFD6799623F42DDC006989DF /* TextViewController.swift */,
				AF0729E923F7FABB007E49BD /* ArmWeaknessViewController.swift */,
				AFDBE48523F73D7300344F3D /* ResultViewController.swift */,
				AF0729E323F7EE46007E49BD /* QuestionTestViewController.swift */,
				AF0729E523F7EFD2007E49BD /* AnswerTableViewCell.swift */,
				AF0729E623F7EFD2007E49BD /* AnswerTableViewCell.xib */,
				AFF13DBB23F3278D00C52071 /* PacientData.swift */,
				AF74C68823E88292001A5D61 /* Main.storyboard */,
				AFE99F9A23EEEBC1004912BE /* LaunchScreen.storyboard */,
				AF74C68323E88292001A5D61 /* Assets.xcassets */,
				AF74C68B23E88292001A5D61 /* Info.plist */,
			);
			path = Planetarium;
			sourceTree = "<group>";
		};
/* End PBXGroup section */

/* Begin PBXNativeTarget section */
		AF74C67923E88291001A5D61 /* Planetarium */ = {
			isa = PBXNativeTarget;
			buildConfigurationList = AF74C68E23E88292001A5D61 /* Build configuration list for PBXNativeTarget "Planetarium" */;
			buildPhases = (
				AF74C67623E88291001A5D61 /* Sources */,
				AF74C67723E88291001A5D61 /* Frameworks */,
				AF74C67823E88291001A5D61 /* Resources */,
			);
			buildRules = (
			);
			dependencies = (
			);
			name = Planetarium;
			productName = Planetarium;
			productReference = AF74C67A23E88291001A5D61 /* Planetarium.app */;
			productType = "com.apple.product-type.application";
		};
/* End PBXNativeTarget section */

/* Begin PBXProject section */
		AF74C67223E88291001A5D61 /* Project object */ = {
			isa = PBXProject;
			attributes = {
				LastSwiftUpdateCheck = 1130;
				LastUpgradeCheck = 1130;
				ORGANIZATIONNAME = "Irina Cercel";
				TargetAttributes = {
					AF74C67923E88291001A5D61 = {
						CreatedOnToolsVersion = 11.3;
					};
				};
			};
			buildConfigurationList = AF74C67523E88291001A5D61 /* Build configuration list for PBXProject "Planetarium" */;
			compatibilityVersion = "Xcode 9.3";
			developmentRegion = en;
			hasScannedForEncodings = 0;
			knownRegions = (
				en,
				Base,
			);
			mainGroup = AF74C67123E88291001A5D61;
			productRefGroup = AF74C67B23E88291001A5D61 /* Products */;
			projectDirPath = "";
			projectRoot = "";
			targets = (
				AF74C67923E88291001A5D61 /* Planetarium */,
			);
		};
/* End PBXProject section */

/* Begin PBXResourcesBuildPhase section */
		AF74C67823E88291001A5D61 /* Resources */ = {
			isa = PBXResourcesBuildPhase;
			buildActionMask = 2147483647;
			files = (
				AFE99F9B23EEEBC1004912BE /* LaunchScreen.storyboard in Resources */,
				AF74C68A23E88292001A5D61 /* Main.storyboard in Resources */,
				AF74C68423E88292001A5D61 /* Assets.xcassets in Resources */,
				AF0729E823F7EFD2007E49BD /* AnswerTableViewCell.xib in Resources */,
			);
			runOnlyForDeploymentPostprocessing = 0;
		};
/* End PBXResourcesBuildPhase section */

/* Begin PBXSourcesBuildPhase section */
		AF74C67623E88291001A5D61 /* Sources */ = {
			isa = PBXSourcesBuildPhase;
			buildActionMask = 2147483647;
			files = (
				AFE99F9D23EF1A35004912BE /* PhotoViewController.swift in Sources */,
				AFF13DBC23F3278D00C52071 /* PacientData.swift in Sources */,
				AF0729E423F7EE46007E49BD /* QuestionTestViewController.swift in Sources */,
				AF74C68023E88291001A5D61 /* ViewController.swift in Sources */,
				AFDBE48623F73D7300344F3D /* ResultViewController.swift in Sources */,
				AFDBE48823F7653A00344F3D /* MapViewController.swift in Sources */,
				AF0729EA23F7FABB007E49BD /* ArmWeaknessViewController.swift in Sources */,
				AFE99F9F23EF4EC1004912BE /* RecordViewController.swift in Sources */,
				AF74C67E23E88291001A5D61 /* AppDelegate.swift in Sources */,
				AFD6799723F42DDC006989DF /* TextViewController.swift in Sources */,
				AF0729E723F7EFD2007E49BD /* AnswerTableViewCell.swift in Sources */,
				AFE99F9923EEE9CF004912BE /* SceneDelegate.swift in Sources */,
			);
			runOnlyForDeploymentPostprocessing = 0;
		};
/* End PBXSourcesBuildPhase section */

/* Begin PBXVariantGroup section */
		AF74C68823E88292001A5D61 /* Main.storyboard */ = {
			isa = PBXVariantGroup;
			children = (
				AF74C68923E88292001A5D61 /* Base */,
			);
			name = Main.storyboard;
			sourceTree = "<group>";
		};
/* End PBXVariantGroup section */

/* Begin XCBuildConfiguration section */
		AF74C68C23E88292001A5D61 /* Debug */ = {
			isa = XCBuildConfiguration;
			buildSettings = {
				ALWAYS_SEARCH_USER_PATHS = NO;
				CLANG_ANALYZER_NONNULL = YES;
				CLANG_ANALYZER_NUMBER_OBJECT_CONVERSION = YES_AGGRESSIVE;
				CLANG_CXX_LANGUAGE_STANDARD = "gnu++14";
				CLANG_CXX_LIBRARY = "libc++";
				CLANG_ENABLE_MODULES = YES;
				CLANG_ENABLE_OBJC_ARC = YES;
				CLANG_ENABLE_OBJC_WEAK = YES;
				CLANG_WARN_BLOCK_CAPTURE_AUTORELEASING = YES;
				CLANG_WARN_BOOL_CONVERSION = YES;
				CLANG_WARN_COMMA = YES;
				CLANG_WARN_CONSTANT_CONVERSION = YES;
				CLANG_WARN_DEPRECATED_OBJC_IMPLEMENTATIONS = YES;
				CLANG_WARN_DIRECT_OBJC_ISA_USAGE = YES_ERROR;
				CLANG_WARN_DOCUMENTATION_COMMENTS = YES;
				CLANG_WARN_EMPTY_BODY = YES;
				CLANG_WARN_ENUM_CONVERSION = YES;
				CLANG_WARN_INFINITE_RECURSION = YES;
				CLANG_WARN_INT_CONVERSION = YES;
				CLANG_WARN_NON_LITERAL_NULL_CONVERSION = YES;
				CLANG_WARN_OBJC_IMPLICIT_RETAIN_SELF = YES;
				CLANG_WARN_OBJC_LITERAL_CONVERSION = YES;
				CLANG_WARN_OBJC_ROOT_CLASS = YES_ERROR;
				CLANG_WARN_RANGE_LOOP_ANALYSIS = YES;
				CLANG_WARN_STRICT_PROTOTYPES = YES;
				CLANG_WARN_SUSPICIOUS_MOVE = YES;
				CLANG_WARN_UNGUARDED_AVAILABILITY = YES_AGGRESSIVE;
				CLANG_WARN_UNREACHABLE_CODE = YES;
				CLANG_WARN__DUPLICATE_METHOD_MATCH = YES;
				COPY_PHASE_STRIP = NO;
				DEBUG_INFORMATION_FORMAT = dwarf;
				ENABLE_STRICT_OBJC_MSGSEND = YES;
				ENABLE_TESTABILITY = YES;
				GCC_C_LANGUAGE_STANDARD = gnu11;
				GCC_DYNAMIC_NO_PIC = NO;
				GCC_NO_COMMON_BLOCKS = YES;
				GCC_OPTIMIZATION_LEVEL = 0;
				GCC_PREPROCESSOR_DEFINITIONS = (
					"DEBUG=1",
					"$(inherited)",
				);
				GCC_WARN_64_TO_32_BIT_CONVERSION = YES;
				GCC_WARN_ABOUT_RETURN_TYPE = YES_ERROR;
				GCC_WARN_UNDECLARED_SELECTOR = YES;
				GCC_WARN_UNINITIALIZED_AUTOS = YES_AGGRESSIVE;
				GCC_WARN_UNUSED_FUNCTION = YES;
				GCC_WARN_UNUSED_VARIABLE = YES;
				IPHONEOS_DEPLOYMENT_TARGET = 13.2;
				MTL_ENABLE_DEBUG_INFO = INCLUDE_SOURCE;
				MTL_FAST_MATH = YES;
				ONLY_ACTIVE_ARCH = YES;
				SDKROOT = iphoneos;
				SWIFT_ACTIVE_COMPILATION_CONDITIONS = DEBUG;
				SWIFT_OPTIMIZATION_LEVEL = "-Onone";
			};
			name = Debug;
		};
		AF74C68D23E88292001A5D61 /* Release */ = {
			isa = XCBuildConfiguration;
			buildSettings = {
				ALWAYS_SEARCH_USER_PATHS = NO;
				CLANG_ANALYZER_NONNULL = YES;
				CLANG_ANALYZER_NUMBER_OBJECT_CONVERSION = YES_AGGRESSIVE;
				CLANG_CXX_LANGUAGE_STANDARD = "gnu++14";
				CLANG_CXX_LIBRARY = "libc++";
				CLANG_ENABLE_MODULES = YES;
				CLANG_ENABLE_OBJC_ARC = YES;
				CLANG_ENABLE_OBJC_WEAK = YES;
				CLANG_WARN_BLOCK_CAPTURE_AUTORELEASING = YES;
				CLANG_WARN_BOOL_CONVERSION = YES;
				CLANG_WARN_COMMA = YES;
				CLANG_WARN_CONSTANT_CONVERSION = YES;
				CLANG_WARN_DEPRECATED_OBJC_IMPLEMENTATIONS = YES;
				CLANG_WARN_DIRECT_OBJC_ISA_USAGE = YES_ERROR;
				CLANG_WARN_DOCUMENTATION_COMMENTS = YES;
				CLANG_WARN_EMPTY_BODY = YES;
				CLANG_WARN_ENUM_CONVERSION = YES;
				CLANG_WARN_INFINITE_RECURSION = YES;
				CLANG_WARN_INT_CONVERSION = YES;
				CLANG_WARN_NON_LITERAL_NULL_CONVERSION = YES;
				CLANG_WARN_OBJC_IMPLICIT_RETAIN_SELF = YES;
				CLANG_WARN_OBJC_LITERAL_CONVERSION = YES;
				CLANG_WARN_OBJC_ROOT_CLASS = YES_ERROR;
				CLANG_WARN_RANGE_LOOP_ANALYSIS = YES;
				CLANG_WARN_STRICT_PROTOTYPES = YES;
				CLANG_WARN_SUSPICIOUS_MOVE = YES;
				CLANG_WARN_UNGUARDED_AVAILABILITY = YES_AGGRESSIVE;
				CLANG_WARN_UNREACHABLE_CODE = YES;
				CLANG_WARN__DUPLICATE_METHOD_MATCH = YES;
				COPY_PHASE_STRIP = NO;
				DEBUG_INFORMATION_FORMAT = "dwarf-with-dsym";
				ENABLE_NS_ASSERTIONS = NO;
				ENABLE_STRICT_OBJC_MSGSEND = YES;
				GCC_C_LANGUAGE_STANDARD = gnu11;
				GCC_NO_COMMON_BLOCKS = YES;
				GCC_WARN_64_TO_32_BIT_CONVERSION = YES;
				GCC_WARN_ABOUT_RETURN_TYPE = YES_ERROR;
				GCC_WARN_UNDECLARED_SELECTOR = YES;
				GCC_WARN_UNINITIALIZED_AUTOS = YES_AGGRESSIVE;
				GCC_WARN_UNUSED_FUNCTION = YES;
				GCC_WARN_UNUSED_VARIABLE = YES;
				IPHONEOS_DEPLOYMENT_TARGET = 13.2;
				MTL_ENABLE_DEBUG_INFO = NO;
				MTL_FAST_MATH = YES;
				SDKROOT = iphoneos;
				SWIFT_COMPILATION_MODE = wholemodule;
				SWIFT_OPTIMIZATION_LEVEL = "-O";
				VALIDATE_PRODUCT = YES;
			};
			name = Release;
		};
		AF74C68F23E88292001A5D61 /* Debug */ = {
			isa = XCBuildConfiguration;
			buildSettings = {
				ASSETCATALOG_COMPILER_APPICON_NAME = AppIcon;
				CODE_SIGN_STYLE = Automatic;
				DEVELOPMENT_ASSET_PATHS = "";
				DEVELOPMENT_TEAM = JWTA859GYB;
				ENABLE_PREVIEWS = YES;
				INFOPLIST_FILE = Planetarium/Info.plist;
				LD_RUNPATH_SEARCH_PATHS = (
					"$(inherited)",
					"@executable_path/Frameworks",
				);
				PRODUCT_BUNDLE_IDENTIFIER = irina.cercel.Planetarium;
				PRODUCT_NAME = "$(TARGET_NAME)";
				SWIFT_VERSION = 5.0;
				TARGETED_DEVICE_FAMILY = "1,2";
			};
			name = Debug;
		};
		AF74C69023E88292001A5D61 /* Release */ = {
			isa = XCBuildConfiguration;
			buildSettings = {
				ASSETCATALOG_COMPILER_APPICON_NAME = AppIcon;
				CODE_SIGN_STYLE = Automatic;
				DEVELOPMENT_ASSET_PATHS = "";
				DEVELOPMENT_TEAM = JWTA859GYB;
				ENABLE_PREVIEWS = YES;
				INFOPLIST_FILE = Planetarium/Info.plist;
				LD_RUNPATH_SEARCH_PATHS = (
					"$(inherited)",
					"@executable_path/Frameworks",
				);
				PRODUCT_BUNDLE_IDENTIFIER = irina.cercel.Planetarium;
				PRODUCT_NAME = "$(TARGET_NAME)";
				SWIFT_VERSION = 5.0;
				TARGETED_DEVICE_FAMILY = "1,2";
			};
			name = Release;
		};
/* End XCBuildConfiguration section */

/* Begin XCConfigurationList section */
		AF74C67523E88291001A5D61 /* Build configuration list for PBXProject "Planetarium" */ = {
			isa = XCConfigurationList;
			buildConfigurations = (
				AF74C68C23E88292001A5D61 /* Debug */,
				AF74C68D23E88292001A5D61 /* Release */,
			);
			defaultConfigurationIsVisible = 0;
			defaultConfigurationName = Release;
		};
		AF74C68E23E88292001A5D61 /* Build configuration list for PBXNativeTarget "Planetarium" */ = {
			isa = XCConfigurationList;
			buildConfigurations = (
				AF74C68F23E88292001A5D61 /* Debug */,
				AF74C69023E88292001A5D61 /* Release */,
			);
			defaultConfigurationIsVisible = 0;
			defaultConfigurationName = Release;
		};
/* End XCConfigurationList section */
	};
	rootObject = AF74C67223E88291001A5D61 /* Project object */;
}
